
Microsoft Visual Studio Solution File, Format Version 12.00
# Visual Studio 15
VisualStudioVersion = 15.0.27130.2027
MinimumVisualStudioVersion = 10.0.40219.1
Project("{FAE04EC0-301F-11D3-BF4B-00C04F79EFBC}") = "Cinema Seat Reservation", "Cinema Seat Reservation\Cinema Seat Reservation.csproj", "{CEB22F5E-46F7-482A-8A6A-19A6029CE3E2}"
EndProject
Global
	GlobalSection(SolutionConfigurationPlatforms) = preSolution
		Debug|Any CPU = Debug|Any CPU
		Release|Any CPU = Release|Any CPU
	EndGlobalSection
	GlobalSection(ProjectConfigurationPlatforms) = postSolution
		{CEB22F5E-46F7-482A-8A6A-19A6029CE3E2}.Debug|Any CPU.ActiveCfg = Debug|Any CPU
		{CEB22F5E-46F7-482A-8A6A-19A6029CE3E2}.Debug|Any CPU.Build.0 = Debug|Any CPU
		{CEB22F5E-46F7-482A-8A6A-19A6029CE3E2}.Release|Any CPU.ActiveCfg = Release|Any CPU
		{CEB22F5E-46F7-482A-8A6A-19A6029CE3E2}.Release|Any CPU.Build.0 = Release|Any CPU
	EndGlobalSection
	GlobalSection(SolutionProperties) = preSolution
		HideSolutionNode = FALSE
	EndGlobalSection
	GlobalSection(ExtensibilityGlobals) = postSolution
		SolutionGuid = {794469D2-92F1-422B-9E2E-D794220025EE}
	EndGlobalSection
EndGlobal
